
Microsoft Visual Studio Solution File, Format Version 12.00
# Visual Studio Version 16
VisualStudioVersion = 16.0.31229.75
MinimumVisualStudioVersion = 10.0.40219.1
Project("{9A19103F-16F7-4668-BE54-9A1E7A4F7556}") = "Library", "Library\Library.csproj", "{737C8424-3D40-473B-965E-60D4E31C179A}"
EndProject
Project("{9A19103F-16F7-4668-BE54-9A1E7A4F7556}") = "Assets", "Assets\Assets.csproj", "{69B4D733-774F-4AC9-8301-70330A53FF95}"
EndProject
Project("{9A19103F-16F7-4668-BE54-9A1E7A4F7556}") = "Game", "Game\Game.csproj", "{9BDE3816-EFF0-46D6-9F82-C4B8B35E4452}"
EndProject
Project("{9A19103F-16F7-4668-BE54-9A1E7A4F7556}") = "ScenarioEdit", "ScenarioEdit\ScenarioEdit.csproj", "{5F2CEE5F-949E-4798-A379-FB2C46DA8FE7}"
EndProject
Global
	GlobalSection(SolutionConfigurationPlatforms) = preSolution
		Debug|Any CPU = Debug|Any CPU
		Release|Any CPU = Release|Any CPU
	EndGlobalSection
	GlobalSection(ProjectConfigurationPlatforms) = postSolution
		{737C8424-3D40-473B-965E-60D4E31C179A}.Debug|Any CPU.ActiveCfg = Debug|Any CPU
		{737C8424-3D40-473B-965E-60D4E31C179A}.Debug|Any CPU.Build.0 = Debug|Any CPU
		{737C8424-3D40-473B-965E-60D4E31C179A}.Release|Any CPU.ActiveCfg = Release|Any CPU
		{737C8424-3D40-473B-965E-60D4E31C179A}.Release|Any CPU.Build.0 = Release|Any CPU
		{69B4D733-774F-4AC9-8301-70330A53FF95}.Debug|Any CPU.ActiveCfg = Debug|Any CPU
		{69B4D733-774F-4AC9-8301-70330A53FF95}.Debug|Any CPU.Build.0 = Debug|Any CPU
		{69B4D733-774F-4AC9-8301-70330A53FF95}.Release|Any CPU.ActiveCfg = Release|Any CPU
		{69B4D733-774F-4AC9-8301-70330A53FF95}.Release|Any CPU.Build.0 = Release|Any CPU
		{9BDE3816-EFF0-46D6-9F82-C4B8B35E4452}.Debug|Any CPU.ActiveCfg = Debug|Any CPU
		{9BDE3816-EFF0-46D6-9F82-C4B8B35E4452}.Debug|Any CPU.Build.0 = Debug|Any CPU
		{9BDE3816-EFF0-46D6-9F82-C4B8B35E4452}.Release|Any CPU.ActiveCfg = Release|Any CPU
		{9BDE3816-EFF0-46D6-9F82-C4B8B35E4452}.Release|Any CPU.Build.0 = Release|Any CPU
		{5F2CEE5F-949E-4798-A379-FB2C46DA8FE7}.Debug|Any CPU.ActiveCfg = Debug|Any CPU
		{5F2CEE5F-949E-4798-A379-FB2C46DA8FE7}.Debug|Any CPU.Build.0 = Debug|Any CPU
		{5F2CEE5F-949E-4798-A379-FB2C46DA8FE7}.Release|Any CPU.ActiveCfg = Release|Any CPU
		{5F2CEE5F-949E-4798-A379-FB2C46DA8FE7}.Release|Any CPU.Build.0 = Release|Any CPU
	EndGlobalSection
	GlobalSection(SolutionProperties) = preSolution
		HideSolutionNode = FALSE
	EndGlobalSection
	GlobalSection(ExtensibilityGlobals) = postSolution
		SolutionGuid = {C0FE0EEE-43B9-40CB-924E-D9AAD77BB473}
	EndGlobalSection
EndGlobal
